{
  "lockfileVersion": 1,
  "configVersion": 1,
  "workspaces": {
    "": {
      "name": "link-in-bio",
      "dependencies": {
        "next": "16.2.0-canary.69",
        "react": "19.2.4",
        "react-dom": "19.2.4",
      },
      "devDependencies": {
        "@tailwindcss/postcss": "^4",
        "@types/node": "^20",
        "@types/react": "^19",
        "@types/react-dom": "^19",
        "tailwindcss": "^4",
        "typescript": "^5",
      },
    },
  },
  "trustedDependencies": [
    "sharp",
  ],
  "packages": {
    "@alloc/quick-lru": ["@alloc/quick-lru@5.2.0", "", {}, "sha512-UrcABB+4bUrFABwbluTIBErXwvbsU/V7TZWfmbgJfbkwiBuziS9gxdODUyuiecfdGQ85jglMW6juS3+z5TsKLw=="],

    "@emnapi/runtime": ["@emnapi/runtime@1.8.1", "", { "dependencies": { "tslib": "^2.4.0" } }, "sha512-mehfKSMWjjNol8659Z8KxEMrdSJDDot5SXMq00dM8BN4o+CLNXQ0xH2V7EchNHV4RmbZLmmPdEaXZc5H2FXmDg=="],

    "@img/colour": ["@img/colour@1.1.0", "", {}, "sha512-Td76q7j57o/tLVdgS746cYARfSyxk8iEfRxewL9h4OMzYhbW4TAcppl0mT4eyqXddh6L/jwoM75mo7ixa/pCeQ=="],

    "@img/sharp-darwin-arm64": ["@img/sharp-darwin-arm64@0.34.5", "", { "optionalDependencies": { "@img/sharp-libvips-darwin-arm64": "1.2.4" }, "os": "darwin", "cpu": "arm64" }, "sha512-imtQ3WMJXbMY4fxb/Ndp6HBTNVtWCUI0WdobyheGf5+ad6xX8VIDO8u2xE4qc/fr08CKG/7dDseFtn6M6g/r3w=="],

    "@img/sharp-darwin-x64": ["@img/sharp-darwin-x64@0.34.5", "", { "optionalDependencies": { "@img/sharp-libvips-darwin-x64": "1.2.4" }, "os": "darwin", "cpu": "x64" }, "sha512-YNEFAF/4KQ/PeW0N+r+aVVsoIY0/qxxikF2SWdp+NRkmMB7y9LBZAVqQ4yhGCm/H3H270OSykqmQMKLBhBJDEw=="],

    "@img/sharp-libvips-darwin-arm64": ["@img/sharp-libvips-darwin-arm64@1.2.4", "", { "os": "darwin", "cpu": "arm64" }, "sha512-zqjjo7RatFfFoP0MkQ51jfuFZBnVE2pRiaydKJ1G/rHZvnsrHAOcQALIi9sA5co5xenQdTugCvtb1cuf78Vf4g=="],

    "@img/sharp-libvips-darwin-x64": ["@img/sharp-libvips-darwin-x64@1.2.4", "", { "os": "darwin", "cpu": "x64" }, "sha512-1IOd5xfVhlGwX+zXv2N93k0yMONvUlANylbJw1eTah8K/Jtpi15KC+WSiaX/nBmbm2HxRM1gZ0nSdjSsrZbGKg=="],

    "@img/sharp-libvips-linux-arm": ["@img/sharp-libvips-linux-arm@1.2.4", "", { "os": "linux", "cpu": "arm" }, "sha512-bFI7xcKFELdiNCVov8e44Ia4u2byA+l3XtsAj+Q8tfCwO6BQ8iDojYdvoPMqsKDkuoOo+X6HZA0s0q11ANMQ8A=="],

    "@img/sharp-libvips-linux-arm64": ["@img/sharp-libvips-linux-arm64@1.2.4", "", { "os": "linux", "cpu": "arm64" }, "sha512-excjX8DfsIcJ10x1Kzr4RcWe1edC9PquDRRPx3YVCvQv+U5p7Yin2s32ftzikXojb1PIFc/9Mt28/y+iRklkrw=="],

    "@img/sharp-libvips-linux-ppc64": ["@img/sharp-libvips-linux-ppc64@1.2.4", "", { "os": "linux", "cpu": "ppc64" }, "sha512-FMuvGijLDYG6lW+b/UvyilUWu5Ayu+3r2d1S8notiGCIyYU/76eig1UfMmkZ7vwgOrzKzlQbFSuQfgm7GYUPpA=="],

    "@img/sharp-libvips-linux-riscv64": ["@img/sharp-libvips-linux-riscv64@1.2.4", "", { "os": "linux", "cpu": "none" }, "sha512-oVDbcR4zUC0ce82teubSm+x6ETixtKZBh/qbREIOcI3cULzDyb18Sr/Wcyx7NRQeQzOiHTNbZFF1UwPS2scyGA=="],

    "@img/sharp-libvips-linux-s390x": ["@img/sharp-libvips-linux-s390x@1.2.4", "", { "os": "linux", "cpu": "s390x" }, "sha512-qmp9VrzgPgMoGZyPvrQHqk02uyjA0/QrTO26Tqk6l4ZV0MPWIW6LTkqOIov+J1yEu7MbFQaDpwdwJKhbJvuRxQ=="],

    "@img/sharp-libvips-linux-x64": ["@img/sharp-libvips-linux-x64@1.2.4", "", { "os": "linux", "cpu": "x64" }, "sha512-tJxiiLsmHc9Ax1bz3oaOYBURTXGIRDODBqhveVHonrHJ9/+k89qbLl0bcJns+e4t4rvaNBxaEZsFtSfAdquPrw=="],

    "@img/sharp-libvips-linuxmusl-arm64": ["@img/sharp-libvips-linuxmusl-arm64@1.2.4", "", { "os": "linux", "cpu": "arm64" }, "sha512-FVQHuwx1IIuNow9QAbYUzJ+En8KcVm9Lk5+uGUQJHaZmMECZmOlix9HnH7n1TRkXMS0pGxIJokIVB9SuqZGGXw=="],

    "@img/sharp-libvips-linuxmusl-x64": ["@img/sharp-libvips-linuxmusl-x64@1.2.4", "", { "os": "linux", "cpu": "x64" }, "sha512-+LpyBk7L44ZIXwz/VYfglaX/okxezESc6UxDSoyo2Ks6Jxc4Y7sGjpgU9s4PMgqgjj1gZCylTieNamqA1MF7Dg=="],

    "@img/sharp-linux-arm": ["@img/sharp-linux-arm@0.34.5", "", { "optionalDependencies": { "@img/sharp-libvips-linux-arm": "1.2.4" }, "os": "linux", "cpu": "arm" }, "sha512-9dLqsvwtg1uuXBGZKsxem9595+ujv0sJ6Vi8wcTANSFpwV/GONat5eCkzQo/1O6zRIkh0m/8+5BjrRr7jDUSZw=="],

    "@img/sharp-linux-arm64": ["@img/sharp-linux-arm64@0.34.5", "", { "optionalDependencies": { "@img/sharp-libvips-linux-arm64": "1.2.4" }, "os": "linux", "cpu": "arm64" }, "sha512-bKQzaJRY/bkPOXyKx5EVup7qkaojECG6NLYswgktOZjaXecSAeCWiZwwiFf3/Y+O1HrauiE3FVsGxFg8c24rZg=="],

    "@img/sharp-linux-ppc64": ["@img/sharp-linux-ppc64@0.34.5", "", { "optionalDependencies": { "@img/sharp-libvips-linux-ppc64": "1.2.4" }, "os": "linux", "cpu": "ppc64" }, "sha512-7zznwNaqW6YtsfrGGDA6BRkISKAAE1Jo0QdpNYXNMHu2+0dTrPflTLNkpc8l7MUP5M16ZJcUvysVWWrMefZquA=="],

    "@img/sharp-linux-riscv64": ["@img/sharp-linux-riscv64@0.34.5", "", { "optionalDependencies": { "@img/sharp-libvips-linux-riscv64": "1.2.4" }, "os": "linux", "cpu": "none" }, "sha512-51gJuLPTKa7piYPaVs8GmByo7/U7/7TZOq+cnXJIHZKavIRHAP77e3N2HEl3dgiqdD/w0yUfiJnII77PuDDFdw=="],

    "@img/sharp-linux-s390x": ["@img/sharp-linux-s390x@0.34.5", "", { "optionalDependencies": { "@img/sharp-libvips-linux-s390x": "1.2.4" }, "os": "linux", "cpu": "s390x" }, "sha512-nQtCk0PdKfho3eC5MrbQoigJ2gd1CgddUMkabUj+rBevs8tZ2cULOx46E7oyX+04WGfABgIwmMC0VqieTiR4jg=="],

    "@img/sharp-linux-x64": ["@img/sharp-linux-x64@0.34.5", "", { "optionalDependencies": { "@img/sharp-libvips-linux-x64": "1.2.4" }, "os": "linux", "cpu": "x64" }, "sha512-MEzd8HPKxVxVenwAa+JRPwEC7QFjoPWuS5NZnBt6B3pu7EG2Ge0id1oLHZpPJdn3OQK+BQDiw9zStiHBTJQQQQ=="],

    "@img/sharp-linuxmusl-arm64": ["@img/sharp-linuxmusl-arm64@0.34.5", "", { "optionalDependencies": { "@img/sharp-libvips-linuxmusl-arm64": "1.2.4" }, "os": "linux", "cpu": "arm64" }, "sha512-fprJR6GtRsMt6Kyfq44IsChVZeGN97gTD331weR1ex1c1rypDEABN6Tm2xa1wE6lYb5DdEnk03NZPqA7Id21yg=="],

    "@img/sharp-linuxmusl-x64": ["@img/sharp-linuxmusl-x64@0.34.5", "", { "optionalDependencies": { "@img/sharp-libvips-linuxmusl-x64": "1.2.4" }, "os": "linux", "cpu": "x64" }, "sha512-Jg8wNT1MUzIvhBFxViqrEhWDGzqymo3sV7z7ZsaWbZNDLXRJZoRGrjulp60YYtV4wfY8VIKcWidjojlLcWrd8Q=="],

    "@img/sharp-wasm32": ["@img/sharp-wasm32@0.34.5", "", { "dependencies": { "@emnapi/runtime": "^1.7.0" }, "cpu": "none" }, "sha512-OdWTEiVkY2PHwqkbBI8frFxQQFekHaSSkUIJkwzclWZe64O1X4UlUjqqqLaPbUpMOQk6FBu/HtlGXNblIs0huw=="],

    "@img/sharp-win32-arm64": ["@img/sharp-win32-arm64@0.34.5", "", { "os": "win32", "cpu": "arm64" }, "sha512-WQ3AgWCWYSb2yt+IG8mnC6Jdk9Whs7O0gxphblsLvdhSpSTtmu69ZG1Gkb6NuvxsNACwiPV6cNSZNzt0KPsw7g=="],

    "@img/sharp-win32-ia32": ["@img/sharp-win32-ia32@0.34.5", "", { "os": "win32", "cpu": "ia32" }, "sha512-FV9m/7NmeCmSHDD5j4+4pNI8Cp3aW+JvLoXcTUo0IqyjSfAZJ8dIUmijx1qaJsIiU+Hosw6xM5KijAWRJCSgNg=="],

    "@img/sharp-win32-x64": ["@img/sharp-win32-x64@0.34.5", "", { "os": "win32", "cpu": "x64" }, "sha512-+29YMsqY2/9eFEiW93eqWnuLcWcufowXewwSNIT6UwZdUUCrM3oFjMWH/Z6/TMmb4hlFenmfAVbpWeup2jryCw=="],

    "@jridgewell/gen-mapping": ["@jridgewell/gen-mapping@0.3.13", "", { "dependencies": { "@jridgewell/sourcemap-codec": "^1.5.0", "@jridgewell/trace-mapping": "^0.3.24" } }, "sha512-2kkt/7niJ6MgEPxF0bYdQ6etZaA+fQvDcLKckhy1yIQOzaoKjBBjSj63/aLVjYE3qhRt5dvM+uUyfCg6UKCBbA=="],

    "@jridgewell/remapping": ["@jridgewell/remapping@2.3.5", "", { "dependencies": { "@jridgewell/gen-mapping": "^0.3.5", "@jridgewell/trace-mapping": "^0.3.24" } }, "sha512-LI9u/+laYG4Ds1TDKSJW2YPrIlcVYOwi2fUC6xB43lueCjgxV4lffOCZCtYFiH6TNOX+tQKXx97T4IKHbhyHEQ=="],

    "@jridgewell/resolve-uri": ["@jridgewell/resolve-uri@3.1.2", "", {}, "sha512-bRISgCIjP20/tbWSPWMEi54QVPRZExkuD9lJL+UIxUKtwVJA8wW1Trb1jMs1RFXo1CBTNZ/5hpC9QvmKWdopKw=="],

    "@jridgewell/sourcemap-codec": ["@jridgewell/sourcemap-codec@1.5.5", "", {}, "sha512-cYQ9310grqxueWbl+WuIUIaiUaDcj7WOq5fVhEljNVgRfOUhY9fy2zTvfoqWsnebh8Sl70VScFbICvJnLKB0Og=="],

    "@jridgewell/trace-mapping": ["@jridgewell/trace-mapping@0.3.31", "", { "dependencies": { "@jridgewell/resolve-uri": "^3.1.0", "@jridgewell/sourcemap-codec": "^1.4.14" } }, "sha512-zzNR+SdQSDJzc8joaeP8QQoCQr8NuYx2dIIytl1QeBEZHJ9uW6hebsrYgbz8hJwUQao3TWCMtmfV8Nu1twOLAw=="],

    "@next/env": ["@next/env@16.2.0-canary.69", "", {}, "sha512-GYleH09yu0CwekAF2NllCn15gTVufzVV6x8YDde02cjWf5kN3WURgl4BXNGNN4EjSQshSmrUSIhnTsXBF252LQ=="],

    "@next/swc-darwin-arm64": ["@next/swc-darwin-arm64@16.2.0-canary.69", "", { "os": "darwin", "cpu": "arm64" }, "sha512-Li6lAZRnbJbSpTyBlJMhJSq2jOZUrL2Bkn2dSwCjjcmAtx+Vxy2AIc1r7U9dAgcKxpmHerK8JutRihuQrBw6kw=="],

    "@next/swc-darwin-x64": ["@next/swc-darwin-x64@16.2.0-canary.69", "", { "os": "darwin", "cpu": "x64" }, "sha512-V7NKPuhB5CKKGsIFhyN7Ip4GxjjVz+z0wOnL5JTcS2hT7qIwWpJLMWaKL5REUv21aO6ajJfSIYYdgNs5ZV46VQ=="],

    "@next/swc-linux-arm64-gnu": ["@next/swc-linux-arm64-gnu@16.2.0-canary.69", "", { "os": "linux", "cpu": "arm64" }, "sha512-HfFMnUrRm7P84P9s2JMjp6s7zCYqvOY74Tn4L3QU6zdYGFhu5X7cgwG1Ve8X1YjvTdLBlEd0I8j/0D9jcfbrdg=="],

    "@next/swc-linux-arm64-musl": ["@next/swc-linux-arm64-musl@16.2.0-canary.69", "", { "os": "linux", "cpu": "arm64" }, "sha512-1Tp2+bprgLp3/k4E9LLBVNTN23nvUAXbIvvct9YxSS1P8ahwQdH6wVY7DasU/uV91yhjQiSaBWvanGW0ZL8c/g=="],

    "@next/swc-linux-x64-gnu": ["@next/swc-linux-x64-gnu@16.2.0-canary.69", "", { "os": "linux", "cpu": "x64" }, "sha512-KKT51OvBZGOJM0QyZdLoEBhLX2MwSqrFx5YGjB96B02yiNuDSnJYrz2u4BBIQjOg1YOh9Znd+BmBAv4ojLtTZA=="],

    "@next/swc-linux-x64-musl": ["@next/swc-linux-x64-musl@16.2.0-canary.69", "", { "os": "linux", "cpu": "x64" }, "sha512-ZwTAXTTISj9UPMrS8ble92alI6ITIOjJwjEiqF8RJ1HykjMrYd7yRr4+ovQVptxwAv8FFkIkH/R3Yb7EPLTNMw=="],

    "@next/swc-win32-arm64-msvc": ["@next/swc-win32-arm64-msvc@16.2.0-canary.69", "", { "os": "win32", "cpu": "arm64" }, "sha512-j8X9OZVjFKERDUOZ2QK6Jua5P46CVevVNTcjel9Z9oBoIy4ruDPLJ2s+cUMo1w9fFEQ1B/rDj/EHsXkaSZYQBA=="],

    "@next/swc-win32-x64-msvc": ["@next/swc-win32-x64-msvc@16.2.0-canary.69", "", { "os": "win32", "cpu": "x64" }, "sha512-EUstJ4Ya5PBetJ+GjRVTedwoYME9gK4yDNHE5Gs6osIwouEXlbOC6SVXLSrW/gLxDhDG0dOSsHz+G3wfg3faYw=="],

    "@swc/helpers": ["@swc/helpers@0.5.15", "", { "dependencies": { "tslib": "^2.8.0" } }, "sha512-JQ5TuMi45Owi4/BIMAJBoSQoOJu12oOk/gADqlcUL9JEdHB8vyjUSsxqeNXnmXHjYKMi2WcYtezGEEhqUI/E2g=="],

    "@tailwindcss/node": ["@tailwindcss/node@4.2.1", "", { "dependencies": { "@jridgewell/remapping": "^2.3.5", "enhanced-resolve": "^5.19.0", "jiti": "^2.6.1", "lightningcss": "1.31.1", "magic-string": "^0.30.21", "source-map-js": "^1.2.1", "tailwindcss": "4.2.1" } }, "sha512-jlx6sLk4EOwO6hHe1oCGm1Q4AN/s0rSrTTPBGPM0/RQ6Uylwq17FuU8IeJJKEjtc6K6O07zsvP+gDO6MMWo7pg=="],

    "@tailwindcss/oxide": ["@tailwindcss/oxide@4.2.1", "", { "optionalDependencies": { "@tailwindcss/oxide-android-arm64": "4.2.1", "@tailwindcss/oxide-darwin-arm64": "4.2.1", "@tailwindcss/oxide-darwin-x64": "4.2.1", "@tailwindcss/oxide-freebsd-x64": "4.2.1", "@tailwindcss/oxide-linux-arm-gnueabihf": "4.2.1", "@tailwindcss/oxide-linux-arm64-gnu": "4.2.1", "@tailwindcss/oxide-linux-arm64-musl": "4.2.1", "@tailwindcss/oxide-linux-x64-gnu": "4.2.1", "@tailwindcss/oxide-linux-x64-musl": "4.2.1", "@tailwindcss/oxide-wasm32-wasi": "4.2.1", "@tailwindcss/oxide-win32-arm64-msvc": "4.2.1", "@tailwindcss/oxide-win32-x64-msvc": "4.2.1" } }, "sha512-yv9jeEFWnjKCI6/T3Oq50yQEOqmpmpfzG1hcZsAOaXFQPfzWprWrlHSdGPEF3WQTi8zu8ohC9Mh9J470nT5pUw=="],

    "@tailwindcss/oxide-android-arm64": ["@tailwindcss/oxide-android-arm64@4.2.1", "", { "os": "android", "cpu": "arm64" }, "sha512-eZ7G1Zm5EC8OOKaesIKuw77jw++QJ2lL9N+dDpdQiAB/c/B2wDh0QPFHbkBVrXnwNugvrbJFk1gK2SsVjwWReg=="],

    "@tailwindcss/oxide-darwin-arm64": ["@tailwindcss/oxide-darwin-arm64@4.2.1", "", { "os": "darwin", "cpu": "arm64" }, "sha512-q/LHkOstoJ7pI1J0q6djesLzRvQSIfEto148ppAd+BVQK0JYjQIFSK3JgYZJa+Yzi0DDa52ZsQx2rqytBnf8Hw=="],

    "@tailwindcss/oxide-darwin-x64": ["@tailwindcss/oxide-darwin-x64@4.2.1", "", { "os": "darwin", "cpu": "x64" }, "sha512-/f/ozlaXGY6QLbpvd/kFTro2l18f7dHKpB+ieXz+Cijl4Mt9AI2rTrpq7V+t04nK+j9XBQHnSMdeQRhbGyt6fw=="],

    "@tailwindcss/oxide-freebsd-x64": ["@tailwindcss/oxide-freebsd-x64@4.2.1", "", { "os": "freebsd", "cpu": "x64" }, "sha512-5e/AkgYJT/cpbkys/OU2Ei2jdETCLlifwm7ogMC7/hksI2fC3iiq6OcXwjibcIjPung0kRtR3TxEITkqgn0TcA=="],

    "@tailwindcss/oxide-linux-arm-gnueabihf": ["@tailwindcss/oxide-linux-arm-gnueabihf@4.2.1", "", { "os": "linux", "cpu": "arm" }, "sha512-Uny1EcVTTmerCKt/1ZuKTkb0x8ZaiuYucg2/kImO5A5Y/kBz41/+j0gxUZl+hTF3xkWpDmHX+TaWhOtba2Fyuw=="],

    "@tailwindcss/oxide-linux-arm64-gnu": ["@tailwindcss/oxide-linux-arm64-gnu@4.2.1", "", { "os": "linux", "cpu": "arm64" }, "sha512-CTrwomI+c7n6aSSQlsPL0roRiNMDQ/YzMD9EjcR+H4f0I1SQ8QqIuPnsVp7QgMkC1Qi8rtkekLkOFjo7OlEFRQ=="],

    "@tailwindcss/oxide-linux-arm64-musl": ["@tailwindcss/oxide-linux-arm64-musl@4.2.1", "", { "os": "linux", "cpu": "arm64" }, "sha512-WZA0CHRL/SP1TRbA5mp9htsppSEkWuQ4KsSUumYQnyl8ZdT39ntwqmz4IUHGN6p4XdSlYfJwM4rRzZLShHsGAQ=="],

    "@tailwindcss/oxide-linux-x64-gnu": ["@tailwindcss/oxide-linux-x64-gnu@4.2.1", "", { "os": "linux", "cpu": "x64" }, "sha512-qMFzxI2YlBOLW5PhblzuSWlWfwLHaneBE0xHzLrBgNtqN6mWfs+qYbhryGSXQjFYB1Dzf5w+LN5qbUTPhW7Y5g=="],

    "@tailwindcss/oxide-linux-x64-musl": ["@tailwindcss/oxide-linux-x64-musl@4.2.1", "", { "os": "linux", "cpu": "x64" }, "sha512-5r1X2FKnCMUPlXTWRYpHdPYUY6a1Ar/t7P24OuiEdEOmms5lyqjDRvVY1yy9Rmioh+AunQ0rWiOTPE8F9A3v5g=="],

    "@tailwindcss/oxide-wasm32-wasi": ["@tailwindcss/oxide-wasm32-wasi@4.2.1", "", { "dependencies": { "@emnapi/core": "^1.8.1", "@emnapi/runtime": "^1.8.1", "@emnapi/wasi-threads": "^1.1.0", "@napi-rs/wasm-runtime": "^1.1.1", "@tybys/wasm-util": "^0.10.1", "tslib": "^2.8.1" }, "cpu": "none" }, "sha512-MGFB5cVPvshR85MTJkEvqDUnuNoysrsRxd6vnk1Lf2tbiqNlXpHYZqkqOQalydienEWOHHFyyuTSYRsLfxFJ2Q=="],

    "@tailwindcss/oxide-win32-arm64-msvc": ["@tailwindcss/oxide-win32-arm64-msvc@4.2.1", "", { "os": "win32", "cpu": "arm64" }, "sha512-YlUEHRHBGnCMh4Nj4GnqQyBtsshUPdiNroZj8VPkvTZSoHsilRCwXcVKnG9kyi0ZFAS/3u+qKHBdDc81SADTRA=="],

    "@tailwindcss/oxide-win32-x64-msvc": ["@tailwindcss/oxide-win32-x64-msvc@4.2.1", "", { "os": "win32", "cpu": "x64" }, "sha512-rbO34G5sMWWyrN/idLeVxAZgAKWrn5LiR3/I90Q9MkA67s6T1oB0xtTe+0heoBvHSpbU9Mk7i6uwJnpo4u21XQ=="],

    "@tailwindcss/postcss": ["@tailwindcss/postcss@4.2.1", "", { "dependencies": { "@alloc/quick-lru": "^5.2.0", "@tailwindcss/node": "4.2.1", "@tailwindcss/oxide": "4.2.1", "postcss": "^8.5.6", "tailwindcss": "4.2.1" } }, "sha512-OEwGIBnXnj7zJeonOh6ZG9woofIjGrd2BORfvE5p9USYKDCZoQmfqLcfNiRWoJlRWLdNPn2IgVZuWAOM4iTYMw=="],

    "@types/node": ["@types/node@20.19.35", "", { "dependencies": { "undici-types": "~6.21.0" } }, "sha512-Uarfe6J91b9HAUXxjvSOdiO2UPOKLm07Q1oh0JHxoZ1y8HoqxDAu3gVrsrOHeiio0kSsoVBt4wFrKOm0dKxVPQ=="],

    "@types/react": ["@types/react@19.2.14", "", { "dependencies": { "csstype": "^3.2.2" } }, "sha512-ilcTH/UniCkMdtexkoCN0bI7pMcJDvmQFPvuPvmEaYA/NSfFTAgdUSLAoVjaRJm7+6PvcM+q1zYOwS4wTYMF9w=="],

    "@types/react-dom": ["@types/react-dom@19.2.3", "", { "peerDependencies": { "@types/react": "^19.2.0" } }, "sha512-jp2L/eY6fn+KgVVQAOqYItbF0VY/YApe5Mz2F0aykSO8gx31bYCZyvSeYxCHKvzHG5eZjc+zyaS5BrBWya2+kQ=="],

    "baseline-browser-mapping": ["baseline-browser-mapping@2.10.0", "", { "bin": { "baseline-browser-mapping": "dist/cli.cjs" } }, "sha512-lIyg0szRfYbiy67j9KN8IyeD7q7hcmqnJ1ddWmNt19ItGpNN64mnllmxUNFIOdOm6by97jlL6wfpTTJrmnjWAA=="],

    "caniuse-lite": ["caniuse-lite@1.0.30001775", "", {}, "sha512-s3Qv7Lht9zbVKE9XoTyRG6wVDCKdtOFIjBGg3+Yhn6JaytuNKPIjBMTMIY1AnOH3seL5mvF+x33oGAyK3hVt3A=="],

    "client-only": ["client-only@0.0.1", "", {}, "sha512-IV3Ou0jSMzZrd3pZ48nLkT9DA7Ag1pnPzaiQhpW7c3RbcqqzvzzVu+L8gfqMp/8IM2MQtSiqaCxrrcfu8I8rMA=="],

    "csstype": ["csstype@3.2.3", "", {}, "sha512-z1HGKcYy2xA8AGQfwrn0PAy+PB7X/GSj3UVJW9qKyn43xWa+gl5nXmU4qqLMRzWVLFC8KusUX8T/0kCiOYpAIQ=="],

    "detect-libc": ["detect-libc@2.1.2", "", {}, "sha512-Btj2BOOO83o3WyH59e8MgXsxEQVcarkUOpEYrubB0urwnN10yQ364rsiByU11nZlqWYZm05i/of7io4mzihBtQ=="],

    "enhanced-resolve": ["enhanced-resolve@5.20.0", "", { "dependencies": { "graceful-fs": "^4.2.4", "tapable": "^2.3.0" } }, "sha512-/ce7+jQ1PQ6rVXwe+jKEg5hW5ciicHwIQUagZkp6IufBoY3YDgdTTY1azVs0qoRgVmvsNB+rbjLJxDAeHHtwsQ=="],

    "graceful-fs": ["graceful-fs@4.2.11", "", {}, "sha512-RbJ5/jmFcNNCcDV5o9eTnBLJ/HszWV0P73bc+Ff4nS/rJj+YaS6IGyiOL0VoBYX+l1Wrl3k63h/KrH+nhJ0XvQ=="],

    "jiti": ["jiti@2.6.1", "", { "bin": { "jiti": "lib/jiti-cli.mjs" } }, "sha512-ekilCSN1jwRvIbgeg/57YFh8qQDNbwDb9xT/qu2DAHbFFZUicIl4ygVaAvzveMhMVr3LnpSKTNnwt8PoOfmKhQ=="],

    "lightningcss": ["lightningcss@1.31.1", "", { "dependencies": { "detect-libc": "^2.0.3" }, "optionalDependencies": { "lightningcss-android-arm64": "1.31.1", "lightningcss-darwin-arm64": "1.31.1", "lightningcss-darwin-x64": "1.31.1", "lightningcss-freebsd-x64": "1.31.1", "lightningcss-linux-arm-gnueabihf": "1.31.1", "lightningcss-linux-arm64-gnu": "1.31.1", "lightningcss-linux-arm64-musl": "1.31.1", "lightningcss-linux-x64-gnu": "1.31.1", "lightningcss-linux-x64-musl": "1.31.1", "lightningcss-win32-arm64-msvc": "1.31.1", "lightningcss-win32-x64-msvc": "1.31.1" } }, "sha512-l51N2r93WmGUye3WuFoN5k10zyvrVs0qfKBhyC5ogUQ6Ew6JUSswh78mbSO+IU3nTWsyOArqPCcShdQSadghBQ=="],

    "lightningcss-android-arm64": ["lightningcss-android-arm64@1.31.1", "", { "os": "android", "cpu": "arm64" }, "sha512-HXJF3x8w9nQ4jbXRiNppBCqeZPIAfUo8zE/kOEGbW5NZvGc/K7nMxbhIr+YlFlHW5mpbg/YFPdbnCh1wAXCKFg=="],

    "lightningcss-darwin-arm64": ["lightningcss-darwin-arm64@1.31.1", "", { "os": "darwin", "cpu": "arm64" }, "sha512-02uTEqf3vIfNMq3h/z2cJfcOXnQ0GRwQrkmPafhueLb2h7mqEidiCzkE4gBMEH65abHRiQvhdcQ+aP0D0g67sg=="],

    "lightningcss-darwin-x64": ["lightningcss-darwin-x64@1.31.1", "", { "os": "darwin", "cpu": "x64" }, "sha512-1ObhyoCY+tGxtsz1lSx5NXCj3nirk0Y0kB/g8B8DT+sSx4G9djitg9ejFnjb3gJNWo7qXH4DIy2SUHvpoFwfTA=="],

    "lightningcss-freebsd-x64": ["lightningcss-freebsd-x64@1.31.1", "", { "os": "freebsd", "cpu": "x64" }, "sha512-1RINmQKAItO6ISxYgPwszQE1BrsVU5aB45ho6O42mu96UiZBxEXsuQ7cJW4zs4CEodPUioj/QrXW1r9pLUM74A=="],

    "lightningcss-linux-arm-gnueabihf": ["lightningcss-linux-arm-gnueabihf@1.31.1", "", { "os": "linux", "cpu": "arm" }, "sha512-OOCm2//MZJ87CdDK62rZIu+aw9gBv4azMJuA8/KB74wmfS3lnC4yoPHm0uXZ/dvNNHmnZnB8XLAZzObeG0nS1g=="],

    "lightningcss-linux-arm64-gnu": ["lightningcss-linux-arm64-gnu@1.31.1", "", { "os": "linux", "cpu": "arm64" }, "sha512-WKyLWztD71rTnou4xAD5kQT+982wvca7E6QoLpoawZ1gP9JM0GJj4Tp5jMUh9B3AitHbRZ2/H3W5xQmdEOUlLg=="],

    "lightningcss-linux-arm64-musl": ["lightningcss-linux-arm64-musl@1.31.1", "", { "os": "linux", "cpu": "arm64" }, "sha512-mVZ7Pg2zIbe3XlNbZJdjs86YViQFoJSpc41CbVmKBPiGmC4YrfeOyz65ms2qpAobVd7WQsbW4PdsSJEMymyIMg=="],

    "lightningcss-linux-x64-gnu": ["lightningcss-linux-x64-gnu@1.31.1", "", { "os": "linux", "cpu": "x64" }, "sha512-xGlFWRMl+0KvUhgySdIaReQdB4FNudfUTARn7q0hh/V67PVGCs3ADFjw+6++kG1RNd0zdGRlEKa+T13/tQjPMA=="],

    "lightningcss-linux-x64-musl": ["lightningcss-linux-x64-musl@1.31.1", "", { "os": "linux", "cpu": "x64" }, "sha512-eowF8PrKHw9LpoZii5tdZwnBcYDxRw2rRCyvAXLi34iyeYfqCQNA9rmUM0ce62NlPhCvof1+9ivRaTY6pSKDaA=="],

    "lightningcss-win32-arm64-msvc": ["lightningcss-win32-arm64-msvc@1.31.1", "", { "os": "win32", "cpu": "arm64" }, "sha512-aJReEbSEQzx1uBlQizAOBSjcmr9dCdL3XuC/6HLXAxmtErsj2ICo5yYggg1qOODQMtnjNQv2UHb9NpOuFtYe4w=="],

    "lightningcss-win32-x64-msvc": ["lightningcss-win32-x64-msvc@1.31.1", "", { "os": "win32", "cpu": "x64" }, "sha512-I9aiFrbd7oYHwlnQDqr1Roz+fTz61oDDJX7n9tYF9FJymH1cIN1DtKw3iYt6b8WZgEjoNwVSncwF4wx/ZedMhw=="],

    "magic-string": ["magic-string@0.30.21", "", { "dependencies": { "@jridgewell/sourcemap-codec": "^1.5.5" } }, "sha512-vd2F4YUyEXKGcLHoq+TEyCjxueSeHnFxyyjNp80yg0XV4vUhnDer/lvvlqM/arB5bXQN5K2/3oinyCRyx8T2CQ=="],

    "nanoid": ["nanoid@3.3.11", "", { "bin": { "nanoid": "bin/nanoid.cjs" } }, "sha512-N8SpfPUnUp1bK+PMYW8qSWdl9U+wwNWI4QKxOYDy9JAro3WMX7p2OeVRF9v+347pnakNevPmiHhNmZ2HbFA76w=="],

    "next": ["next@16.2.0-canary.69", "", { "dependencies": { "@next/env": "16.2.0-canary.69", "@swc/helpers": "0.5.15", "baseline-browser-mapping": "^2.9.19", "caniuse-lite": "^1.0.30001579", "postcss": "8.4.31", "styled-jsx": "5.1.6" }, "optionalDependencies": { "@next/swc-darwin-arm64": "16.2.0-canary.69", "@next/swc-darwin-x64": "16.2.0-canary.69", "@next/swc-linux-arm64-gnu": "16.2.0-canary.69", "@next/swc-linux-arm64-musl": "16.2.0-canary.69", "@next/swc-linux-x64-gnu": "16.2.0-canary.69", "@next/swc-linux-x64-musl": "16.2.0-canary.69", "@next/swc-win32-arm64-msvc": "16.2.0-canary.69", "@next/swc-win32-x64-msvc": "16.2.0-canary.69", "sharp": "^0.34.5" }, "peerDependencies": { "@opentelemetry/api": "^1.1.0", "@playwright/test": "^1.51.1", "babel-plugin-react-compiler": "*", "react": "^18.2.0 || 19.0.0-rc-de68d2f4-20241204 || ^19.0.0", "react-dom": "^18.2.0 || 19.0.0-rc-de68d2f4-20241204 || ^19.0.0", "sass": "^1.3.0" }, "optionalPeers": ["@opentelemetry/api", "@playwright/test", "babel-plugin-react-compiler", "sass"], "bin": { "next": "dist/bin/next" } }, "sha512-SFiUoUHg1SYqnC4vlHmNO4avLZKIsZjbgMJfotOkZUmViIUiXhqQb70QjlwWmKnXQVH9isabcrxzZdAASS3hIw=="],

    "picocolors": ["picocolors@1.1.1", "", {}, "sha512-xceH2snhtb5M9liqDsmEw56le376mTZkEX/jEb/RxNFyegNul7eNslCXP9FDj/Lcu0X8KEyMceP2ntpaHrDEVA=="],

    "postcss": ["postcss@8.5.6", "", { "dependencies": { "nanoid": "^3.3.11", "picocolors": "^1.1.1", "source-map-js": "^1.2.1" } }, "sha512-3Ybi1tAuwAP9s0r1UQ2J4n5Y0G05bJkpUIO0/bI9MhwmD70S5aTWbXGBwxHrelT+XM1k6dM0pk+SwNkpTRN7Pg=="],

    "react": ["react@19.2.4", "", {}, "sha512-9nfp2hYpCwOjAN+8TZFGhtWEwgvWHXqESH8qT89AT/lWklpLON22Lc8pEtnpsZz7VmawabSU0gCjnj8aC0euHQ=="],

    "react-dom": ["react-dom@19.2.4", "", { "dependencies": { "scheduler": "^0.27.0" }, "peerDependencies": { "react": "^19.2.4" } }, "sha512-AXJdLo8kgMbimY95O2aKQqsz2iWi9jMgKJhRBAxECE4IFxfcazB2LmzloIoibJI3C12IlY20+KFaLv+71bUJeQ=="],

    "scheduler": ["scheduler@0.27.0", "", {}, "sha512-eNv+WrVbKu1f3vbYJT/xtiF5syA5HPIMtf9IgY/nKg0sWqzAUEvqY/xm7OcZc/qafLx/iO9FgOmeSAp4v5ti/Q=="],

    "semver": ["semver@7.7.4", "", { "bin": { "semver": "bin/semver.js" } }, "sha512-vFKC2IEtQnVhpT78h1Yp8wzwrf8CM+MzKMHGJZfBtzhZNycRFnXsHk6E5TxIkkMsgNS7mdX3AGB7x2QM2di4lA=="],

    "sharp": ["sharp@0.34.5", "", { "dependencies": { "@img/colour": "^1.0.0", "detect-libc": "^2.1.2", "semver": "^7.7.3" }, "optionalDependencies": { "@img/sharp-darwin-arm64": "0.34.5", "@img/sharp-darwin-x64": "0.34.5", "@img/sharp-libvips-darwin-arm64": "1.2.4", "@img/sharp-libvips-darwin-x64": "1.2.4", "@img/sharp-libvips-linux-arm": "1.2.4", "@img/sharp-libvips-linux-arm64": "1.2.4", "@img/sharp-libvips-linux-ppc64": "1.2.4", "@img/sharp-libvips-linux-riscv64": "1.2.4", "@img/sharp-libvips-linux-s390x": "1.2.4", "@img/sharp-libvips-linux-x64": "1.2.4", "@img/sharp-libvips-linuxmusl-arm64": "1.2.4", "@img/sharp-libvips-linuxmusl-x64": "1.2.4", "@img/sharp-linux-arm": "0.34.5", "@img/sharp-linux-arm64": "0.34.5", "@img/sharp-linux-ppc64": "0.34.5", "@img/sharp-linux-riscv64": "0.34.5", "@img/sharp-linux-s390x": "0.34.5", "@img/sharp-linux-x64": "0.34.5", "@img/sharp-linuxmusl-arm64": "0.34.5", "@img/sharp-linuxmusl-x64": "0.34.5", "@img/sharp-wasm32": "0.34.5", "@img/sharp-win32-arm64": "0.34.5", "@img/sharp-win32-ia32": "0.34.5", "@img/sharp-win32-x64": "0.34.5" } }, "sha512-Ou9I5Ft9WNcCbXrU9cMgPBcCK8LiwLqcbywW3t4oDV37n1pzpuNLsYiAV8eODnjbtQlSDwZ2cUEeQz4E54Hltg=="],

    "source-map-js": ["source-map-js@1.2.1", "", {}, "sha512-UXWMKhLOwVKb728IUtQPXxfYU+usdybtUrK/8uGE8CQMvrhOpwvzDBwj0QhSL7MQc7vIsISBG8VQ8+IDQxpfQA=="],

    "styled-jsx": ["styled-jsx@5.1.6", "", { "dependencies": { "client-only": "0.0.1" }, "peerDependencies": { "react": ">= 16.8.0 || 17.x.x || ^18.0.0-0 || ^19.0.0-0" } }, "sha512-qSVyDTeMotdvQYoHWLNGwRFJHC+i+ZvdBRYosOFgC+Wg1vx4frN2/RG/NA7SYqqvKNLf39P2LSRA2pu6n0XYZA=="],

    "tailwindcss": ["tailwindcss@4.2.1", "", {}, "sha512-/tBrSQ36vCleJkAOsy9kbNTgaxvGbyOamC30PRePTQe/o1MFwEKHQk4Cn7BNGaPtjp+PuUrByJehM1hgxfq4sw=="],

    "tapable": ["tapable@2.3.0", "", {}, "sha512-g9ljZiwki/LfxmQADO3dEY1CbpmXT5Hm2fJ+QaGKwSXUylMybePR7/67YW7jOrrvjEgL1Fmz5kzyAjWVWLlucg=="],

    "tslib": ["tslib@2.8.1", "", {}, "sha512-oJFu94HQb+KVduSUQL7wnpmqnfmLsOA/nAh6b6EH0wCEoK0/mPeXU6c3wKDV83MkOuHPRHtSXKKU99IBazS/2w=="],

    "typescript": ["typescript@5.9.3", "", { "bin": { "tsc": "bin/tsc", "tsserver": "bin/tsserver" } }, "sha512-jl1vZzPDinLr9eUt3J/t7V6FgNEw9QjvBPdysz9KfQDD41fQrC2Y4vKQdiaUpFT4bXlb1RHhLpp8wtm6M5TgSw=="],

    "undici-types": ["undici-types@6.21.0", "", {}, "sha512-iwDZqg0QAGrg9Rav5H4n0M64c3mkR59cJ6wQp+7C4nI0gsmExaedaYLNO44eT4AtBBwjbTiGPMlt2Md0T9H9JQ=="],

    "@tailwindcss/oxide-wasm32-wasi/@emnapi/core": ["@emnapi/core@1.8.1", "", { "dependencies": { "@emnapi/wasi-threads": "1.1.0", "tslib": "^2.4.0" }, "bundled": true }, "sha512-AvT9QFpxK0Zd8J0jopedNm+w/2fIzvtPKPjqyw9jwvBaReTTqPBk9Hixaz7KbjimP+QNz605/XnjFcDAL2pqBg=="],

    "@tailwindcss/oxide-wasm32-wasi/@emnapi/runtime": ["@emnapi/runtime@1.8.1", "", { "dependencies": { "tslib": "^2.4.0" }, "bundled": true }, "sha512-mehfKSMWjjNol8659Z8KxEMrdSJDDot5SXMq00dM8BN4o+CLNXQ0xH2V7EchNHV4RmbZLmmPdEaXZc5H2FXmDg=="],

    "@tailwindcss/oxide-wasm32-wasi/@emnapi/wasi-threads": ["@emnapi/wasi-threads@1.1.0", "", { "dependencies": { "tslib": "^2.4.0" }, "bundled": true }, "sha512-WI0DdZ8xFSbgMjR1sFsKABJ/C5OnRrjT06JXbZKexJGrDuPTzZdDYfFlsgcCXCyf+suG5QU2e/y1Wo2V/OapLQ=="],

    "@tailwindcss/oxide-wasm32-wasi/@napi-rs/wasm-runtime": ["@napi-rs/wasm-runtime@1.1.1", "", { "dependencies": { "@emnapi/core": "^1.7.1", "@emnapi/runtime": "^1.7.1", "@tybys/wasm-util": "^0.10.1" }, "bundled": true }, "sha512-p64ah1M1ld8xjWv3qbvFwHiFVWrq1yFvV4f7w+mzaqiR4IlSgkqhcRdHwsGgomwzBH51sRY4NEowLxnaBjcW/A=="],

    "@tailwindcss/oxide-wasm32-wasi/@tybys/wasm-util": ["@tybys/wasm-util@0.10.1", "", { "dependencies": { "tslib": "^2.4.0" }, "bundled": true }, "sha512-9tTaPJLSiejZKx+Bmog4uSubteqTvFrVrURwkmHixBo0G4seD0zUxp98E1DzUBJxLQ3NPwXrGKDiVjwx/DpPsg=="],

    "@tailwindcss/oxide-wasm32-wasi/tslib": ["tslib@2.8.1", "", { "bundled": true }, "sha512-oJFu94HQb+KVduSUQL7wnpmqnfmLsOA/nAh6b6EH0wCEoK0/mPeXU6c3wKDV83MkOuHPRHtSXKKU99IBazS/2w=="],

    "next/postcss": ["postcss@8.4.31", "", { "dependencies": { "nanoid": "^3.3.6", "picocolors": "^1.0.0", "source-map-js": "^1.0.2" } }, "sha512-PS08Iboia9mts/2ygV3eLpY5ghnUcfLV/EXTOW1E2qYxJKGGBUtNjN76FYHnMs36RmARn41bC0AZmn+rR0OVpQ=="],
  }
}
